{
  "name": "game-npcs",
  "lockfileVersion": 3,
  "requires": true,
  "packages": {
    "": {
      "name": "game-npcs",
      "dependencies": {
        "vocalmind": "^1.0.18"
      },
      "devDependencies": {
        "@types/bun": "latest"
      },
      "peerDependencies": {
        "typescript": "^5.0.0"
      }
    },
    "node_modules/@babel/runtime": {
      "version": "7.23.9",
      "resolved": "https://registry.npmjs.org/@babel/runtime/-/runtime-7.23.9.tgz",
      "integrity": "sha512-0CX6F+BI2s9dkUqr08KFrAIZgNFj75rdBU/DjCyYLIaV/quFjkk6T+EJ2LkZHyZTbEV4L5p97mNkUsHl2wLFAw==",
      "dependencies": {
        "regenerator-runtime": "^0.14.0"
      },
      "engines": {
        "node": ">=6.9.0"
      }
    },
    "node_modules/@types/bun": {
      "version": "1.0.4",
      "resolved": "https://registry.npmjs.org/@types/bun/-/bun-1.0.4.tgz",
      "integrity": "sha512-2DO7sqwtpko3d3XP2kLpJsOkV12sSRt8cFR955JVB60m1DiXE56T+gJq+DcCczQ5khxgCDQKkyBRlgg5VH33Dw==",
      "dev": true,
      "dependencies": {
        "bun-types": "1.0.25"
      }
    },
    "node_modules/@types/node": {
      "version": "20.11.10",
      "dev": true,
      "license": "MIT",
      "dependencies": {
        "undici-types": "~5.26.4"
      }
    },
    "node_modules/@types/node/node_modules/undici-types": {
      "version": "5.26.5",
      "dev": true,
      "license": "MIT"
    },
    "node_modules/@types/ws": {
      "version": "8.5.10",
      "dev": true,
      "license": "MIT",
      "dependencies": {
        "@types/node": "*"
      }
    },
    "node_modules/automation-events": {
      "version": "6.0.14",
      "resolved": "https://registry.npmjs.org/automation-events/-/automation-events-6.0.14.tgz",
      "integrity": "sha512-CoxZlKaVDGfjdfOULxd6ws8gQ/WLCw7JXub4qb0LM55otKQL9j2BnlN07lT/0V75SGzLMOElfXpTvWqzzIHx0w==",
      "dependencies": {
        "@babel/runtime": "^7.23.8",
        "tslib": "^2.6.2"
      },
      "engines": {
        "node": ">=16.1.0"
      }
    },
    "node_modules/bun-types": {
      "version": "1.0.25",
      "dev": true,
      "license": "MIT",
      "dependencies": {
        "@types/node": "*",
        "@types/ws": "*",
        "undici-types": "^5.26.4"
      }
    },
    "node_modules/regenerator-runtime": {
      "version": "0.14.1",
      "resolved": "https://registry.npmjs.org/regenerator-runtime/-/regenerator-runtime-0.14.1.tgz",
      "integrity": "sha512-dYnhHh0nJoMfnkZs6GmmhFknAGRrLznOu5nc9ML+EJxGvrx6H7teuevqVqCuPcPK//3eDrrjQhehXVx9cnkGdw=="
    },
    "node_modules/standardized-audio-context": {
      "version": "25.3.63",
      "resolved": "https://registry.npmjs.org/standardized-audio-context/-/standardized-audio-context-25.3.63.tgz",
      "integrity": "sha512-6hB0GbZOx3Q0npxg1QMZTN/jioom3jMkVcr3EqZbwywytqykevtuCgZuaUJqntTzv7q2mEW9KsCUtFCpbWpCkw==",
      "dependencies": {
        "@babel/runtime": "^7.23.8",
        "automation-events": "^6.0.14",
        "tslib": "^2.6.2"
      }
    },
    "node_modules/tone": {
      "version": "14.7.77",
      "resolved": "https://registry.npmjs.org/tone/-/tone-14.7.77.tgz",
      "integrity": "sha512-tCfK73IkLHyzoKUvGq47gyDyxiKLFvKiVCOobynGgBB9Dl0NkxTM2p+eRJXyCYrjJwy9Y0XCMqD3uOYsYt2Fdg==",
      "dependencies": {
        "standardized-audio-context": "^25.1.8",
        "tslib": "^2.0.1"
      }
    },
    "node_modules/tslib": {
      "version": "2.6.2",
      "resolved": "https://registry.npmjs.org/tslib/-/tslib-2.6.2.tgz",
      "integrity": "sha512-AEYxH93jGFPn/a2iVAwW87VuUIkR1FVUKB77NwMF7nBTDkDrrT/Hpt/IrCJ0QXhW27jTBDcf5ZY7w6RiqTMw2Q=="
    },
    "node_modules/typescript": {
      "version": "5.3.3",
      "license": "Apache-2.0",
      "peer": true,
      "bin": {
        "tsc": "bin/tsc",
        "tsserver": "bin/tsserver"
      },
      "engines": {
        "node": ">=14.17"
      }
    },
    "node_modules/undici-types": {
      "version": "5.28.2",
      "dev": true,
      "license": "MIT"
    },
    "node_modules/vocalmind": {
      "version": "1.0.18",
      "resolved": "https://registry.npmjs.org/vocalmind/-/vocalmind-1.0.18.tgz",
      "integrity": "sha512-tAIKd/dlQiK0dqncSSlRMa5X2hwaL8Ew6haXoHhyIVP2+Z3QYD/NIWg42m331cE3auMlzORZ7xEIgCoIiO3fzg==",
      "dependencies": {
        "tone": "^14.7.77"
      }
    }
  }
}
